
Microsoft Visual Studio Solution File, Format Version 12.00
# Visual Studio Version 17
VisualStudioVersion = 17.4.33103.184
MinimumVisualStudioVersion = 10.0.40219.1
Project("{FAE04EC0-301F-11D3-BF4B-00C04F79EFBC}") = "labwork15", "labwork15\labwork15.csproj", "{84DE5945-A089-4FF4-9371-C28BBAAD653E}"
EndProject
Global
	GlobalSection(SolutionConfigurationPlatforms) = preSolution
		Debug|Any CPU = Debug|Any CPU
		Release|Any CPU = Release|Any CPU
	EndGlobalSection
	GlobalSection(ProjectConfigurationPlatforms) = postSolution
		{84DE5945-A089-4FF4-9371-C28BBAAD653E}.Debug|Any CPU.ActiveCfg = Debug|Any CPU
		{84DE5945-A089-4FF4-9371-C28BBAAD653E}.Debug|Any CPU.Build.0 = Debug|Any CPU
		{84DE5945-A089-4FF4-9371-C28BBAAD653E}.Release|Any CPU.ActiveCfg = Release|Any CPU
		{84DE5945-A089-4FF4-9371-C28BBAAD653E}.Release|Any CPU.Build.0 = Release|Any CPU
	EndGlobalSection
	GlobalSection(SolutionProperties) = preSolution
		HideSolutionNode = FALSE
	EndGlobalSection
	GlobalSection(ExtensibilityGlobals) = postSolution
		SolutionGuid = {F52C64B4-3A0A-4573-A5D0-F7F74D375144}
	EndGlobalSection
EndGlobal
